
Microsoft Visual Studio Solution File, Format Version 12.00
# Visual Studio 15
VisualStudioVersion = 15.0.28307.1340
MinimumVisualStudioVersion = 10.0.40219.1
Project("{D2ABAB84-BF74-430A-B69E-9DC6D40DDA17}") = "Ateliers_BI2", "Ateliers_BI2\Ateliers_BI2.dwproj", "{6E71E4DE-06B6-4BA3-B843-CEDA546992E8}"
EndProject
Global
	GlobalSection(SolutionConfigurationPlatforms) = preSolution
		Development|Default = Development|Default
	EndGlobalSection
	GlobalSection(ProjectConfigurationPlatforms) = postSolution
		{6E71E4DE-06B6-4BA3-B843-CEDA546992E8}.Development|Default.ActiveCfg = Development
		{6E71E4DE-06B6-4BA3-B843-CEDA546992E8}.Development|Default.Build.0 = Development
		{6E71E4DE-06B6-4BA3-B843-CEDA546992E8}.Development|Default.Deploy.0 = Development
	EndGlobalSection
	GlobalSection(SolutionProperties) = preSolution
		HideSolutionNode = FALSE
	EndGlobalSection
	GlobalSection(ExtensibilityGlobals) = postSolution
		SolutionGuid = {0841742B-3160-4543-89BB-0FDE9D1F5ECE}
	EndGlobalSection
EndGlobal
